{
  "name": "all-in-one",
  "version": "1.0.0",
  "lockfileVersion": 3,
  "requires": true,
  "packages": {
    "": {
      "name": "all-in-one",
      "version": "1.0.0",
      "license": "ISC",
      "dependencies": {
        "opencc-js": "^1.0.5"
      },
      "devDependencies": {
        "prettier": "^3.6.2"
      }
    },
    "node_modules/opencc-js": {
      "version": "1.0.5",
      "resolved": "https://registry.npmjs.org/opencc-js/-/opencc-js-1.0.5.tgz",
      "integrity": "sha512-LD+1SoNnZdlRwtYTjnQdFrSVCAaYpuDqL5CkmOaHOkKoKh7mFxUicLTRVNLU5C+Jmi1vXQ3QL4jWdgSaa4sKjg==",
      "license": "MIT"
    },
    "node_modules/prettier": {
      "version": "3.6.2",
      "resolved": "https://registry.npmjs.org/prettier/-/prettier-3.6.2.tgz",
      "integrity": "sha512-I7AIg5boAr5R0FFtJ6rCfD+LFsWHp81dolrFD8S79U9tb8Az2nGrJncnMSnys+bpQJfRUzqs9hnA81OAA3hCuQ==",
      "dev": true,
      "license": "MIT",
      "bin": {
        "prettier": "bin/prettier.cjs"
      },
      "engines": {
        "node": ">=14"
      },
      "funding": {
        "url": "https://github.com/prettier/prettier?sponsor=1"
      }
    }
  }
}
