lockfileVersion: '9.0'

settings:
  autoInstallPeers: true
  excludeLinksFromLockfile: false

importers:

  .:
    dependencies:
      opencc-js:
        specifier: ^1.0.5
        version: 1.4.2
    devDependencies:
      prettier:
        specifier: ^3.6.2
        version: 3.9.8

packages:

  opencc-js@1.4.2:
    resolution: {integrity: sha512-EdcspgdROiCCZDM+jZR6Pa670xW+EW2QhctPBQ8gRjg6lrx4IHEl+2s+kt5izk/TkxVRgdWuFgaGkaEdIUfdaw==}

  prettier@3.9.8:
    resolution: {integrity: sha512-WRFq3Wn3WId7LLROfMLdH7xaFr2jR62wU8nLO6rQUOLOxNZUviyJQs1M0iIhLexSFy+L+w0ch66wtoO2jRjG0A==}
    engines: {node: '>=14'}
    hasBin: true

snapshots:

  opencc-js@1.4.2: {}

  prettier@3.9.8: {}
